
Microsoft Visual Studio Solution File, Format Version 12.00
# Visual Studio Version 16
VisualStudioVersion = 16.0.30907.101
MinimumVisualStudioVersion = 10.0.40219.1
Project("{FAE04EC0-301F-11D3-BF4B-00C04F79EFBC}") = "FinalProject.Core", "Fatih.Core\FinalProject.Core.csproj", "{908F1985-F252-444E-89B8-12046F113665}"
EndProject
Project("{FAE04EC0-301F-11D3-BF4B-00C04F79EFBC}") = "Fatih.Data", "Fatih.Data\Fatih.Data.csproj", "{FDEF29A0-CC16-4379-8DC7-544CBEFC4682}"
EndProject
Project("{FAE04EC0-301F-11D3-BF4B-00C04F79EFBC}") = "Fatih.WebAPI", "Fatih.WebAPI\Fatih.WebAPI.csproj", "{15605C04-CECE-4604-A9B8-E677843084B4}"
EndProject
Global
	GlobalSection(SolutionConfigurationPlatforms) = preSolution
		Debug|Any CPU = Debug|Any CPU
		Release|Any CPU = Release|Any CPU
	EndGlobalSection
	GlobalSection(ProjectConfigurationPlatforms) = postSolution
		{908F1985-F252-444E-89B8-12046F113665}.Debug|Any CPU.ActiveCfg = Debug|Any CPU
		{908F1985-F252-444E-89B8-12046F113665}.Debug|Any CPU.Build.0 = Debug|Any CPU
		{908F1985-F252-444E-89B8-12046F113665}.Release|Any CPU.ActiveCfg = Release|Any CPU
		{908F1985-F252-444E-89B8-12046F113665}.Release|Any CPU.Build.0 = Release|Any CPU
		{FDEF29A0-CC16-4379-8DC7-544CBEFC4682}.Debug|Any CPU.ActiveCfg = Debug|Any CPU
		{FDEF29A0-CC16-4379-8DC7-544CBEFC4682}.Debug|Any CPU.Build.0 = Debug|Any CPU
		{FDEF29A0-CC16-4379-8DC7-544CBEFC4682}.Release|Any CPU.ActiveCfg = Release|Any CPU
		{FDEF29A0-CC16-4379-8DC7-544CBEFC4682}.Release|Any CPU.Build.0 = Release|Any CPU
		{15605C04-CECE-4604-A9B8-E677843084B4}.Debug|Any CPU.ActiveCfg = Debug|Any CPU
		{15605C04-CECE-4604-A9B8-E677843084B4}.Debug|Any CPU.Build.0 = Debug|Any CPU
		{15605C04-CECE-4604-A9B8-E677843084B4}.Release|Any CPU.ActiveCfg = Release|Any CPU
		{15605C04-CECE-4604-A9B8-E677843084B4}.Release|Any CPU.Build.0 = Release|Any CPU
	EndGlobalSection
	GlobalSection(SolutionProperties) = preSolution
		HideSolutionNode = FALSE
	EndGlobalSection
	GlobalSection(ExtensibilityGlobals) = postSolution
		SolutionGuid = {F80DE3D4-0B1D-428F-BEA3-F7575B5E9D24}
	EndGlobalSection
EndGlobal
